// !$*UTF8*$!
{
	archiveVersion = 1;
	classes = {
	};
	objectVersion = 48;
	objects = {

/* Begin PBXBuildFile section */
		364D97071FABD7B000346B1D /* AppDelegate.m in Sources */ = {isa = PBXBuildFile; fileRef = 364D97061FABD7B000346B1D /* AppDelegate.m */; };
		364D970A1FABD7B000346B1D /* ViewController.m in Sources */ = {isa = PBXBuildFile; fileRef = 364D97091FABD7B000346B1D /* ViewController.m */; };
		364D970D1FABD7B000346B1D /* Main.storyboard in Resources */ = {isa = PBXBuildFile; fileRef = 364D970B1FABD7B000346B1D /* Main.storyboard */; };
		364D970F1FABD7B000346B1D /* Assets.xcassets in Resources */ = {isa = PBXBuildFile; fileRef = 364D970E1FABD7B000346B1D /* Assets.xcassets */; };
		364D97121FABD7B000346B1D /* LaunchScreen.storyboard in Resources */ = {isa = PBXBuildFile; fileRef = 364D97101FABD7B000346B1D /* LaunchScreen.storyboard */; };
		364D97151FABD7B000346B1D /* main.m in Sources */ = {isa = PBXBuildFile; fileRef = 364D97141FABD7B000346B1D /* main.m */; };
		364D971F1FABD7B000346B1D /* cardGameTests.m in Sources */ = {isa = PBXBuildFile; fileRef = 364D971E1FABD7B000346B1D /* cardGameTests.m */; };
		364D972A1FABD7B000346B1D /* cardGameUITests.m in Sources */ = {isa = PBXBuildFile; fileRef = 364D97291FABD7B000346B1D /* cardGameUITests.m */; };
		3683119E1FB0D4F10023931F /* Card.m in Sources */ = {isa = PBXBuildFile; fileRef = 3683119D1FB0D4F10023931F /* Card.m */; };
		368311A01FB0D5080023931F /* Card.m in Sources */ = {isa = PBXBuildFile; fileRef = 3683119D1FB0D4F10023931F /* Card.m */; };
		368311A31FB0F6560023931F /* Deck.m in Sources */ = {isa = PBXBuildFile; fileRef = 368311A21FB0F6560023931F /* Deck.m */; };
		368311A41FB0F6560023931F /* Deck.m in Sources */ = {isa = PBXBuildFile; fileRef = 368311A21FB0F6560023931F /* Deck.m */; };
		368311A71FB1011F0023931F /* PlayingCard.m in Sources */ = {isa = PBXBuildFile; fileRef = 368311A61FB1011F0023931F /* PlayingCard.m */; };
		368311A81FB1011F0023931F /* PlayingCard.m in Sources */ = {isa = PBXBuildFile; fileRef = 368311A61FB1011F0023931F /* PlayingCard.m */; };
/* End PBXBuildFile section */

/* Begin PBXContainerItemProxy section */
		364D971B1FABD7B000346B1D /* PBXContainerItemProxy */ = {
			isa = PBXContainerItemProxy;
			containerPortal = 364D96FA1FABD7B000346B1D /* Project object */;
			proxyType = 1;
			remoteGlobalIDString = 364D97011FABD7B000346B1D;
			remoteInfo = cardGame;
		};
		364D97261FABD7B000346B1D /* PBXContainerItemProxy */ = {
			isa = PBXContainerItemProxy;
			containerPortal = 364D96FA1FABD7B000346B1D /* Project object */;
			proxyType = 1;
			remoteGlobalIDString = 364D97011FABD7B000346B1D;
			remoteInfo = cardGame;
		};
/* End PBXContainerItemProxy section */

/* Begin PBXFileReference section */
		364D97021FABD7B000346B1D /* cardGame.app */ = {isa = PBXFileReference; explicitFileType = wrapper.application; includeInIndex = 0; path = cardGame.app; sourceTree = BUILT_PRODUCTS_DIR; };
		364D97051FABD7B000346B1D /* AppDelegate.h */ = {isa = PBXFileReference; lastKnownFileType = sourcecode.c.h; path = AppDelegate.h; sourceTree = "<group>"; };
		364D97061FABD7B000346B1D /* AppDelegate.m */ = {isa = PBXFileReference; lastKnownFileType = sourcecode.c.objc; path = AppDelegate.m; sourceTree = "<group>"; };
		364D97081FABD7B000346B1D /* ViewController.h */ = {isa = PBXFileReference; lastKnownFileType = sourcecode.c.h; path = ViewController.h; sourceTree = "<group>"; };
		364D97091FABD7B000346B1D /* ViewController.m */ = {isa = PBXFileReference; lastKnownFileType = sourcecode.c.objc; path = ViewController.m; sourceTree = "<group>"; };
		364D970C1FABD7B000346B1D /* Base */ = {isa = PBXFileReference; lastKnownFileType = file.storyboard; name = Base; path = Base.lproj/Main.storyboard; sourceTree = "<group>"; };
		364D970E1FABD7B000346B1D /* Assets.xcassets */ = {isa = PBXFileReference; lastKnownFileType = folder.assetcatalog; path = Assets.xcassets; sourceTree = "<group>"; };
		364D97111FABD7B000346B1D /* Base */ = {isa = PBXFileReference; lastKnownFileType = file.storyboard; name = Base; path = Base.lproj/LaunchScreen.storyboard; sourceTree = "<group>"; };
		364D97131FABD7B000346B1D /* Info.plist */ = {isa = PBXFileReference; lastKnownFileType = text.plist.xml; path = Info.plist; sourceTree = "<group>"; };
		364D97141FABD7B000346B1D /* main.m */ = {isa = PBXFileReference; lastKnownFileType = sourcecode.c.objc; path = main.m; sourceTree = "<group>"; };
		364D971A1FABD7B000346B1D /* cardGameTests.xctest */ = {isa = PBXFileReference; explicitFileType = wrapper.cfbundle; includeInIndex = 0; path = cardGameTests.xctest; sourceTree = BUILT_PRODUCTS_DIR; };
		364D971E1FABD7B000346B1D /* cardGameTests.m */ = {isa = PBXFileReference; lastKnownFileType = sourcecode.c.objc; path = cardGameTests.m; sourceTree = "<group>"; };
		364D97201FABD7B000346B1D /* Info.plist */ = {isa = PBXFileReference; lastKnownFileType = text.plist.xml; path = Info.plist; sourceTree = "<group>"; };
		364D97251FABD7B000346B1D /* cardGameUITests.xctest */ = {isa = PBXFileReference; explicitFileType = wrapper.cfbundle; includeInIndex = 0; path = cardGameUITests.xctest; sourceTree = BUILT_PRODUCTS_DIR; };
		364D97291FABD7B000346B1D /* cardGameUITests.m */ = {isa = PBXFileReference; lastKnownFileType = sourcecode.c.objc; path = cardGameUITests.m; sourceTree = "<group>"; };
		364D972B1FABD7B000346B1D /* Info.plist */ = {isa = PBXFileReference; lastKnownFileType = text.plist.xml; path = Info.plist; sourceTree = "<group>"; };
		3683119C1FB0D4F10023931F /* Card.h */ = {isa = PBXFileReference; lastKnownFileType = sourcecode.c.h; path = Card.h; sourceTree = "<group>"; };
		3683119D1FB0D4F10023931F /* Card.m */ = {isa = PBXFileReference; lastKnownFileType = sourcecode.c.objc; path = Card.m; sourceTree = "<group>"; };
		368311A11FB0F6560023931F /* Deck.h */ = {isa = PBXFileReference; lastKnownFileType = sourcecode.c.h; path = Deck.h; sourceTree = "<group>"; };
		368311A21FB0F6560023931F /* Deck.m */ = {isa = PBXFileReference; lastKnownFileType = sourcecode.c.objc; path = Deck.m; sourceTree = "<group>"; };
		368311A51FB1011F0023931F /* PlayingCard.h */ = {isa = PBXFileReference; lastKnownFileType = sourcecode.c.h; path = PlayingCard.h; sourceTree = "<group>"; };
		368311A61FB1011F0023931F /* PlayingCard.m */ = {isa = PBXFileReference; lastKnownFileType = sourcecode.c.objc; path = PlayingCard.m; sourceTree = "<group>"; };
/* End PBXFileReference section */

/* Begin PBXFrameworksBuildPhase section */
		364D96FF1FABD7B000346B1D /* Frameworks */ = {
			isa = PBXFrameworksBuildPhase;
			buildActionMask = 2147483647;
			files = (
			);
			runOnlyForDeploymentPostprocessing = 0;
		};
		364D97171FABD7B000346B1D /* Frameworks */ = {
			isa = PBXFrameworksBuildPhase;
			buildActionMask = 2147483647;
			files = (
			);
			runOnlyForDeploymentPostprocessing = 0;
		};
		364D97221FABD7B000346B1D /* Frameworks */ = {
			isa = PBXFrameworksBuildPhase;
			buildActionMask = 2147483647;
			files = (
			);
			runOnlyForDeploymentPostprocessing = 0;
		};
/* End PBXFrameworksBuildPhase section */

/* Begin PBXGroup section */
		364D96F91FABD7B000346B1D = {
			isa = PBXGroup;
			children = (
				364D97041FABD7B000346B1D /* cardGame */,
				364D971D1FABD7B000346B1D /* cardGameTests */,
				364D97281FABD7B000346B1D /* cardGameUITests */,
				364D97031FABD7B000346B1D /* Products */,
			);
			sourceTree = "<group>";
		};
		364D97031FABD7B000346B1D /* Products */ = {
			isa = PBXGroup;
			children = (
				364D97021FABD7B000346B1D /* cardGame.app */,
				364D971A1FABD7B000346B1D /* cardGameTests.xctest */,
				364D97251FABD7B000346B1D /* cardGameUITests.xctest */,
			);
			name = Products;
			sourceTree = "<group>";
		};
		364D97041FABD7B000346B1D /* cardGame */ = {
			isa = PBXGroup;
			children = (
				364D97081FABD7B000346B1D /* ViewController.h */,
				364D97091FABD7B000346B1D /* ViewController.m */,
				364D970B1FABD7B000346B1D /* Main.storyboard */,
				3683119B1FAE5C8C0023931F /* Model */,
				364D970E1FABD7B000346B1D /* Assets.xcassets */,
				364D97101FABD7B000346B1D /* LaunchScreen.storyboard */,
				364D97131FABD7B000346B1D /* Info.plist */,
				364D97141FABD7B000346B1D /* main.m */,
				364D97051FABD7B000346B1D /* AppDelegate.h */,
				364D97061FABD7B000346B1D /* AppDelegate.m */,
			);
			path = cardGame;
			sourceTree = "<group>";
		};
		364D971D1FABD7B000346B1D /* cardGameTests */ = {
			isa = PBXGroup;
			children = (
				364D971E1FABD7B000346B1D /* cardGameTests.m */,
				364D97201FABD7B000346B1D /* Info.plist */,
			);
			path = cardGameTests;
			sourceTree = "<group>";
		};
		364D97281FABD7B000346B1D /* cardGameUITests */ = {
			isa = PBXGroup;
			children = (
				364D97291FABD7B000346B1D /* cardGameUITests.m */,
				364D972B1FABD7B000346B1D /* Info.plist */,
			);
			path = cardGameUITests;
			sourceTree = "<group>";
		};
		3683119B1FAE5C8C0023931F /* Model */ = {
			isa = PBXGroup;
			children = (
				3683119C1FB0D4F10023931F /* Card.h */,
				3683119D1FB0D4F10023931F /* Card.m */,
				368311A11FB0F6560023931F /* Deck.h */,
				368311A21FB0F6560023931F /* Deck.m */,
				368311A51FB1011F0023931F /* PlayingCard.h */,
				368311A61FB1011F0023931F /* PlayingCard.m */,
			);
			name = Model;
			path = "New Group";
			sourceTree = "<group>";
		};
/* End PBXGroup section */

/* Begin PBXNativeTarget section */
		364D97011FABD7B000346B1D /* cardGame */ = {
			isa = PBXNativeTarget;
			buildConfigurationList = 364D972E1FABD7B000346B1D /* Build configuration list for PBXNativeTarget "cardGame" */;
			buildPhases = (
				364D96FE1FABD7B000346B1D /* Sources */,
				364D96FF1FABD7B000346B1D /* Frameworks */,
				364D97001FABD7B000346B1D /* Resources */,
			);
			buildRules = (
			);
			dependencies = (
			);
			name = cardGame;
			productName = cardGame;
			productReference = 364D97021FABD7B000346B1D /* cardGame.app */;
			productType = "com.apple.product-type.application";
		};
		364D97191FABD7B000346B1D /* cardGameTests */ = {
			isa = PBXNativeTarget;
			buildConfigurationList = 364D97311FABD7B000346B1D /* Build configuration list for PBXNativeTarget "cardGameTests" */;
			buildPhases = (
				364D97161FABD7B000346B1D /* Sources */,
				364D97171FABD7B000346B1D /* Frameworks */,
				364D97181FABD7B000346B1D /* Resources */,
			);
			buildRules = (
			);
			dependencies = (
				364D971C1FABD7B000346B1D /* PBXTargetDependency */,
			);
			name = cardGameTests;
			productName = cardGameTests;
			productReference = 364D971A1FABD7B000346B1D /* cardGameTests.xctest */;
			productType = "com.apple.product-type.bundle.unit-test";
		};
		364D97241FABD7B000346B1D /* cardGameUITests */ = {
			isa = PBXNativeTarget;
			buildConfigurationList = 364D97341FABD7B000346B1D /* Build configuration list for PBXNativeTarget "cardGameUITests" */;
			buildPhases = (
				364D97211FABD7B000346B1D /* Sources */,
				364D97221FABD7B000346B1D /* Frameworks */,
				364D97231FABD7B000346B1D /* Resources */,
			);
			buildRules = (
			);
			dependencies = (
				364D97271FABD7B000346B1D /* PBXTargetDependency */,
			);
			name = cardGameUITests;
			productName = cardGameUITests;
			productReference = 364D97251FABD7B000346B1D /* cardGameUITests.xctest */;
			productType = "com.apple.product-type.bundle.ui-testing";
		};
/* End PBXNativeTarget section */

/* Begin PBXProject section */
		364D96FA1FABD7B000346B1D /* Project object */ = {
			isa = PBXProject;
			attributes = {
				LastUpgradeCheck = 0900;
				ORGANIZATIONNAME = "Brandi Phillips";
				TargetAttributes = {
					364D97011FABD7B000346B1D = {
						CreatedOnToolsVersion = 9.0.1;
						ProvisioningStyle = Automatic;
					};
					364D97191FABD7B000346B1D = {
						CreatedOnToolsVersion = 9.0.1;
						ProvisioningStyle = Automatic;
						TestTargetID = 364D97011FABD7B000346B1D;
					};
					364D97241FABD7B000346B1D = {
						CreatedOnToolsVersion = 9.0.1;
						ProvisioningStyle = Automatic;
						TestTargetID = 364D97011FABD7B000346B1D;
					};
				};
			};
			buildConfigurationList = 364D96FD1FABD7B000346B1D /* Build configuration list for PBXProject "cardGame" */;
			compatibilityVersion = "Xcode 8.0";
			developmentRegion = en;
			hasScannedForEncodings = 0;
			knownRegions = (
				en,
				Base,
			);
			mainGroup = 364D96F91FABD7B000346B1D;
			productRefGroup = 364D97031FABD7B000346B1D /* Products */;
			projectDirPath = "";
			projectRoot = "";
			targets = (
				364D97011FABD7B000346B1D /* cardGame */,
				364D97191FABD7B000346B1D /* cardGameTests */,
				364D97241FABD7B000346B1D /* cardGameUITests */,
			);
		};
/* End PBXProject section */

/* Begin PBXResourcesBuildPhase section */
		364D97001FABD7B000346B1D /* Resources */ = {
			isa = PBXResourcesBuildPhase;
			buildActionMask = 2147483647;
			files = (
				364D97121FABD7B000346B1D /* LaunchScreen.storyboard in Resources */,
				364D970F1FABD7B000346B1D /* Assets.xcassets in Resources */,
				364D970D1FABD7B000346B1D /* Main.storyboard in Resources */,
			);
			runOnlyForDeploymentPostprocessing = 0;
		};
		364D97181FABD7B000346B1D /* Resources */ = {
			isa = PBXResourcesBuildPhase;
			buildActionMask = 2147483647;
			files = (
			);
			runOnlyForDeploymentPostprocessing = 0;
		};
		364D97231FABD7B000346B1D /* Resources */ = {
			isa = PBXResourcesBuildPhase;
			buildActionMask = 2147483647;
			files = (
			);
			runOnlyForDeploymentPostprocessing = 0;
		};
/* End PBXResourcesBuildPhase section */

/* Begin PBXSourcesBuildPhase section */
		364D96FE1FABD7B000346B1D /* Sources */ = {
			isa = PBXSourcesBuildPhase;
			buildActionMask = 2147483647;
			files = (
				368311A71FB1011F0023931F /* PlayingCard.m in Sources */,
				368311A31FB0F6560023931F /* Deck.m in Sources */,
				364D970A1FABD7B000346B1D /* ViewController.m in Sources */,
				364D97151FABD7B000346B1D /* main.m in Sources */,
				364D97071FABD7B000346B1D /* AppDelegate.m in Sources */,
				3683119E1FB0D4F10023931F /* Card.m in Sources */,
			);
			runOnlyForDeploymentPostprocessing = 0;
		};
		364D97161FABD7B000346B1D /* Sources */ = {
			isa = PBXSourcesBuildPhase;
			buildActionMask = 2147483647;
			files = (
				364D971F1FABD7B000346B1D /* cardGameTests.m in Sources */,
				368311A41FB0F6560023931F /* Deck.m in Sources */,
				368311A81FB1011F0023931F /* PlayingCard.m in Sources */,
				368311A01FB0D5080023931F /* Card.m in Sources */,
			);
			runOnlyForDeploymentPostprocessing = 0;
		};
		364D97211FABD7B000346B1D /* Sources */ = {
			isa = PBXSourcesBuildPhase;
			buildActionMask = 2147483647;
			files = (
				364D972A1FABD7B000346B1D /* cardGameUITests.m in Sources */,
			);
			runOnlyForDeploymentPostprocessing = 0;
		};
/* End PBXSourcesBuildPhase section */

/* Begin PBXTargetDependency section */
		364D971C1FABD7B000346B1D /* PBXTargetDependency */ = {
			isa = PBXTargetDependency;
			target = 364D97011FABD7B000346B1D /* cardGame */;
			targetProxy = 364D971B1FABD7B000346B1D /* PBXContainerItemProxy */;
		};
		364D97271FABD7B000346B1D /* PBXTargetDependency */ = {
			isa = PBXTargetDependency;
			target = 364D97011FABD7B000346B1D /* cardGame */;
			targetProxy = 364D97261FABD7B000346B1D /* PBXContainerItemProxy */;
		};
/* End PBXTargetDependency section */

/* Begin PBXVariantGroup section */
		364D970B1FABD7B000346B1D /* Main.storyboard */ = {
			isa = PBXVariantGroup;
			children = (
				364D970C1FABD7B000346B1D /* Base */,
			);
			name = Main.storyboard;
			sourceTree = "<group>";
		};
		364D97101FABD7B000346B1D /* LaunchScreen.storyboard */ = {
			isa = PBXVariantGroup;
			children = (
				364D97111FABD7B000346B1D /* Base */,
			);
			name = LaunchScreen.storyboard;
			sourceTree = "<group>";
		};
/* End PBXVariantGroup section */

/* Begin XCBuildConfiguration section */
		364D972C1FABD7B000346B1D /* Debug */ = {
			isa = XCBuildConfiguration;
			buildSettings = {
				ALWAYS_SEARCH_USER_PATHS = NO;
				CLANG_ANALYZER_NONNULL = YES;
				CLANG_ANALYZER_NUMBER_OBJECT_CONVERSION = YES_AGGRESSIVE;
				CLANG_CXX_LANGUAGE_STANDARD = "gnu++14";
				CLANG_CXX_LIBRARY = "libc++";
				CLANG_ENABLE_MODULES = YES;
				CLANG_ENABLE_OBJC_ARC = YES;
				CLANG_WARN_BLOCK_CAPTURE_AUTORELEASING = YES;
				CLANG_WARN_BOOL_CONVERSION = YES;
				CLANG_WARN_COMMA = YES;
				CLANG_WARN_CONSTANT_CONVERSION = YES;
				CLANG_WARN_DIRECT_OBJC_ISA_USAGE = YES_ERROR;
				CLANG_WARN_DOCUMENTATION_COMMENTS = YES;
				CLANG_WARN_EMPTY_BODY = YES;
				CLANG_WARN_ENUM_CONVERSION = YES;
				CLANG_WARN_INFINITE_RECURSION = YES;
				CLANG_WARN_INT_CONVERSION = YES;
				CLANG_WARN_NON_LITERAL_NULL_CONVERSION = YES;
				CLANG_WARN_OBJC_LITERAL_CONVERSION = YES;
				CLANG_WARN_OBJC_ROOT_CLASS = YES_ERROR;
				CLANG_WARN_RANGE_LOOP_ANALYSIS = YES;
				CLANG_WARN_STRICT_PROTOTYPES = YES;
				CLANG_WARN_SUSPICIOUS_MOVE = YES;
				CLANG_WARN_UNGUARDED_AVAILABILITY = YES_AGGRESSIVE;
				CLANG_WARN_UNREACHABLE_CODE = YES;
				CLANG_WARN__DUPLICATE_METHOD_MATCH = YES;
				CODE_SIGN_IDENTITY = "iPhone Developer";
				COPY_PHASE_STRIP = NO;
				DEBUG_INFORMATION_FORMAT = dwarf;
				ENABLE_STRICT_OBJC_MSGSEND = YES;
				ENABLE_TESTABILITY = YES;
				GCC_C_LANGUAGE_STANDARD = gnu11;
				GCC_DYNAMIC_NO_PIC = NO;
				GCC_NO_COMMON_BLOCKS = YES;
				GCC_OPTIMIZATION_LEVEL = 0;
				GCC_PREPROCESSOR_DEFINITIONS = (
					"DEBUG=1",
					"$(inherited)",
				);
				GCC_WARN_64_TO_32_BIT_CONVERSION = YES;
				GCC_WARN_ABOUT_RETURN_TYPE = YES_ERROR;
				GCC_WARN_UNDECLARED_SELECTOR = YES;
				GCC_WARN_UNINITIALIZED_AUTOS = YES_AGGRESSIVE;
				GCC_WARN_UNUSED_FUNCTION = YES;
				GCC_WARN_UNUSED_VARIABLE = YES;
				IPHONEOS_DEPLOYMENT_TARGET = 11.0;
				MTL_ENABLE_DEBUG_INFO = YES;
				ONLY_ACTIVE_ARCH = YES;
				SDKROOT = iphoneos;
			};
			name = Debug;
		};
		364D972D1FABD7B000346B1D /* Release */ = {
			isa = XCBuildConfiguration;
			buildSettings = {
				ALWAYS_SEARCH_USER_PATHS = NO;
				CLANG_ANALYZER_NONNULL = YES;
				CLANG_ANALYZER_NUMBER_OBJECT_CONVERSION = YES_AGGRESSIVE;
				CLANG_CXX_LANGUAGE_STANDARD = "gnu++14";
				CLANG_CXX_LIBRARY = "libc++";
				CLANG_ENABLE_MODULES = YES;
				CLANG_ENABLE_OBJC_ARC = YES;
				CLANG_WARN_BLOCK_CAPTURE_AUTORELEASING = YES;
				CLANG_WARN_BOOL_CONVERSION = YES;
				CLANG_WARN_COMMA = YES;
				CLANG_WARN_CONSTANT_CONVERSION = YES;
				CLANG_WARN_DIRECT_OBJC_ISA_USAGE = YES_ERROR;
				CLANG_WARN_DOCUMENTATION_COMMENTS = YES;
				CLANG_WARN_EMPTY_BODY = YES;
				CLANG_WARN_ENUM_CONVERSION = YES;
				CLANG_WARN_INFINITE_RECURSION = YES;
				CLANG_WARN_INT_CONVERSION = YES;
				CLANG_WARN_NON_LITERAL_NULL_CONVERSION = YES;
				CLANG_WARN_OBJC_LITERAL_CONVERSION = YES;
				CLANG_WARN_OBJC_ROOT_CLASS = YES_ERROR;
				CLANG_WARN_RANGE_LOOP_ANALYSIS = YES;
				CLANG_WARN_STRICT_PROTOTYPES = YES;
				CLANG_WARN_SUSPICIOUS_MOVE = YES;
				CLANG_WARN_UNGUARDED_AVAILABILITY = YES_AGGRESSIVE;
				CLANG_WARN_UNREACHABLE_CODE = YES;
				CLANG_WARN__DUPLICATE_METHOD_MATCH = YES;
				CODE_SIGN_IDENTITY = "iPhone Developer";
				COPY_PHASE_STRIP = NO;
				DEBUG_INFORMATION_FORMAT = "dwarf-with-dsym";
				ENABLE_NS_ASSERTIONS = NO;
				ENABLE_STRICT_OBJC_MSGSEND = YES;
				GCC_C_LANGUAGE_STANDARD = gnu11;
				GCC_NO_COMMON_BLOCKS = YES;
				GCC_WARN_64_TO_32_BIT_CONVERSION = YES;
				GCC_WARN_ABOUT_RETURN_TYPE = YES_ERROR;
				GCC_WARN_UNDECLARED_SELECTOR = YES;
				GCC_WARN_UNINITIALIZED_AUTOS = YES_AGGRESSIVE;
				GCC_WARN_UNUSED_FUNCTION = YES;
				GCC_WARN_UNUSED_VARIABLE = YES;
				IPHONEOS_DEPLOYMENT_TARGET = 11.0;
				MTL_ENABLE_DEBUG_INFO = NO;
				SDKROOT = iphoneos;
				VALIDATE_PRODUCT = YES;
			};
			name = Release;
		};
		364D972F1FABD7B000346B1D /* Debug */ = {
			isa = XCBuildConfiguration;
			buildSettings = {
				ASSETCATALOG_COMPILER_APPICON_NAME = AppIcon;
				CODE_SIGN_STYLE = Automatic;
				DEVELOPMENT_TEAM = H7V76DGJ64;
				INFOPLIST_FILE = cardGame/Info.plist;
				LD_RUNPATH_SEARCH_PATHS = "$(inherited) @executable_path/Frameworks";
				PRODUCT_BUNDLE_IDENTIFIER = com.brandip.cardGame;
				PRODUCT_NAME = "$(TARGET_NAME)";
				TARGETED_DEVICE_FAMILY = 1;
			};
			name = Debug;
		};
		364D97301FABD7B000346B1D /* Release */ = {
			isa = XCBuildConfiguration;
			buildSettings = {
				ASSETCATALOG_COMPILER_APPICON_NAME = AppIcon;
				CODE_SIGN_STYLE = Automatic;
				DEVELOPMENT_TEAM = H7V76DGJ64;
				INFOPLIST_FILE = cardGame/Info.plist;
				LD_RUNPATH_SEARCH_PATHS = "$(inherited) @executable_path/Frameworks";
				PRODUCT_BUNDLE_IDENTIFIER = com.brandip.cardGame;
				PRODUCT_NAME = "$(TARGET_NAME)";
				TARGETED_DEVICE_FAMILY = 1;
			};
			name = Release;
		};
		364D97321FABD7B000346B1D /* Debug */ = {
			isa = XCBuildConfiguration;
			buildSettings = {
				BUNDLE_LOADER = "$(TEST_HOST)";
				CODE_SIGN_STYLE = Automatic;
				DEVELOPMENT_TEAM = H7V76DGJ64;
				INFOPLIST_FILE = cardGameTests/Info.plist;
				LD_RUNPATH_SEARCH_PATHS = "$(inherited) @executable_path/Frameworks @loader_path/Frameworks";
				PRODUCT_BUNDLE_IDENTIFIER = com.brandip.cardGameTests;
				PRODUCT_NAME = "$(TARGET_NAME)";
				TARGETED_DEVICE_FAMILY = "1,2";
				TEST_HOST = "$(BUILT_PRODUCTS_DIR)/cardGame.app/cardGame";
			};
			name = Debug;
		};
		364D97331FABD7B000346B1D /* Release */ = {
			isa = XCBuildConfiguration;
			buildSettings = {
				BUNDLE_LOADER = "$(TEST_HOST)";
				CODE_SIGN_STYLE = Automatic;
				DEVELOPMENT_TEAM = H7V76DGJ64;
				INFOPLIST_FILE = cardGameTests/Info.plist;
				LD_RUNPATH_SEARCH_PATHS = "$(inherited) @executable_path/Frameworks @loader_path/Frameworks";
				PRODUCT_BUNDLE_IDENTIFIER = com.brandip.cardGameTests;
				PRODUCT_NAME = "$(TARGET_NAME)";
				TARGETED_DEVICE_FAMILY = "1,2";
				TEST_HOST = "$(BUILT_PRODUCTS_DIR)/cardGame.app/cardGame";
			};
			name = Release;
		};
		364D97351FABD7B000346B1D /* Debug */ = {
			isa = XCBuildConfiguration;
			buildSettings = {
				CODE_SIGN_STYLE = Automatic;
				DEVELOPMENT_TEAM = H7V76DGJ64;
				INFOPLIST_FILE = cardGameUITests/Info.plist;
				LD_RUNPATH_SEARCH_PATHS = "$(inherited) @executable_path/Frameworks @loader_path/Frameworks";
				PRODUCT_BUNDLE_IDENTIFIER = com.brandip.cardGameUITests;
				PRODUCT_NAME = "$(TARGET_NAME)";
				TARGETED_DEVICE_FAMILY = "1,2";
				TEST_TARGET_NAME = cardGame;
			};
			name = Debug;
		};
		364D97361FABD7B000346B1D /* Release */ = {
			isa = XCBuildConfiguration;
			buildSettings = {
				CODE_SIGN_STYLE = Automatic;
				DEVELOPMENT_TEAM = H7V76DGJ64;
				INFOPLIST_FILE = cardGameUITests/Info.plist;
				LD_RUNPATH_SEARCH_PATHS = "$(inherited) @executable_path/Frameworks @loader_path/Frameworks";
				PRODUCT_BUNDLE_IDENTIFIER = com.brandip.cardGameUITests;
				PRODUCT_NAME = "$(TARGET_NAME)";
				TARGETED_DEVICE_FAMILY = "1,2";
				TEST_TARGET_NAME = cardGame;
			};
			name = Release;
		};
/* End XCBuildConfiguration section */

/* Begin XCConfigurationList section */
		364D96FD1FABD7B000346B1D /* Build configuration list for PBXProject "cardGame" */ = {
			isa = XCConfigurationList;
			buildConfigurations = (
				364D972C1FABD7B000346B1D /* Debug */,
				364D972D1FABD7B000346B1D /* Release */,
			);
			defaultConfigurationIsVisible = 0;
			defaultConfigurationName = Release;
		};
		364D972E1FABD7B000346B1D /* Build configuration list for PBXNativeTarget "cardGame" */ = {
			isa = XCConfigurationList;
			buildConfigurations = (
				364D972F1FABD7B000346B1D /* Debug */,
				364D97301FABD7B000346B1D /* Release */,
			);
			defaultConfigurationIsVisible = 0;
			defaultConfigurationName = Release;
		};
		364D97311FABD7B000346B1D /* Build configuration list for PBXNativeTarget "cardGameTests" */ = {
			isa = XCConfigurationList;
			buildConfigurations = (
				364D97321FABD7B000346B1D /* Debug */,
				364D97331FABD7B000346B1D /* Release */,
			);
			defaultConfigurationIsVisible = 0;
			defaultConfigurationName = Release;
		};
		364D97341FABD7B000346B1D /* Build configuration list for PBXNativeTarget "cardGameUITests" */ = {
			isa = XCConfigurationList;
			buildConfigurations = (
				364D97351FABD7B000346B1D /* Debug */,
				364D97361FABD7B000346B1D /* Release */,
			);
			defaultConfigurationIsVisible = 0;
			defaultConfigurationName = Release;
		};
/* End XCConfigurationList section */
	};
	rootObject = 364D96FA1FABD7B000346B1D /* Project object */;
}
